
Microsoft Visual Studio Solution File, Format Version 12.00
Project("{2150E333-8FDC-42A3-9474-1A3956D46DE8}") = "strategy-pattern", "strategy-pattern", "{6691527F-6CFD-47E4-9CC4-7A52DEAD43BE}"
EndProject
Project("{FAE04EC0-301F-11D3-BF4B-00C04F79EFBC}") = "example1", "example1\example1.csproj", "{2228D5DC-083B-45EB-BDC0-2E6B3D6E98D2}"
EndProject
Project("{FAE04EC0-301F-11D3-BF4B-00C04F79EFBC}") = "example2", "example2\example2.csproj", "{1D92BF94-74E5-40FD-AC6A-4DD32D02BF2A}"
EndProject
Project("{FAE04EC0-301F-11D3-BF4B-00C04F79EFBC}") = "example3", "example3\example3.csproj", "{37EE2479-8E70-4073-B88A-5C499FACAE09}"
EndProject
Project("{FAE04EC0-301F-11D3-BF4B-00C04F79EFBC}") = "example4", "example4\example4.csproj", "{2D461465-3A53-4187-BB6B-B43531D9C5A0}"
EndProject
Global
	GlobalSection(SolutionConfigurationPlatforms) = preSolution
		Debug|Any CPU = Debug|Any CPU
		Release|Any CPU = Release|Any CPU
	EndGlobalSection
	GlobalSection(NestedProjects) = preSolution
		{2228D5DC-083B-45EB-BDC0-2E6B3D6E98D2} = {6691527F-6CFD-47E4-9CC4-7A52DEAD43BE}
		{1D92BF94-74E5-40FD-AC6A-4DD32D02BF2A} = {6691527F-6CFD-47E4-9CC4-7A52DEAD43BE}
		{37EE2479-8E70-4073-B88A-5C499FACAE09} = {6691527F-6CFD-47E4-9CC4-7A52DEAD43BE}
		{2D461465-3A53-4187-BB6B-B43531D9C5A0} = {6691527F-6CFD-47E4-9CC4-7A52DEAD43BE}
	EndGlobalSection
	GlobalSection(ProjectConfigurationPlatforms) = postSolution
		{2228D5DC-083B-45EB-BDC0-2E6B3D6E98D2}.Debug|Any CPU.ActiveCfg = Debug|Any CPU
		{2228D5DC-083B-45EB-BDC0-2E6B3D6E98D2}.Debug|Any CPU.Build.0 = Debug|Any CPU
		{2228D5DC-083B-45EB-BDC0-2E6B3D6E98D2}.Release|Any CPU.ActiveCfg = Release|Any CPU
		{2228D5DC-083B-45EB-BDC0-2E6B3D6E98D2}.Release|Any CPU.Build.0 = Release|Any CPU
		{1D92BF94-74E5-40FD-AC6A-4DD32D02BF2A}.Debug|Any CPU.ActiveCfg = Debug|Any CPU
		{1D92BF94-74E5-40FD-AC6A-4DD32D02BF2A}.Debug|Any CPU.Build.0 = Debug|Any CPU
		{1D92BF94-74E5-40FD-AC6A-4DD32D02BF2A}.Release|Any CPU.ActiveCfg = Release|Any CPU
		{1D92BF94-74E5-40FD-AC6A-4DD32D02BF2A}.Release|Any CPU.Build.0 = Release|Any CPU
		{37EE2479-8E70-4073-B88A-5C499FACAE09}.Debug|Any CPU.ActiveCfg = Debug|Any CPU
		{37EE2479-8E70-4073-B88A-5C499FACAE09}.Debug|Any CPU.Build.0 = Debug|Any CPU
		{37EE2479-8E70-4073-B88A-5C499FACAE09}.Release|Any CPU.ActiveCfg = Release|Any CPU
		{37EE2479-8E70-4073-B88A-5C499FACAE09}.Release|Any CPU.Build.0 = Release|Any CPU
		{2D461465-3A53-4187-BB6B-B43531D9C5A0}.Debug|Any CPU.ActiveCfg = Debug|Any CPU
		{2D461465-3A53-4187-BB6B-B43531D9C5A0}.Debug|Any CPU.Build.0 = Debug|Any CPU
		{2D461465-3A53-4187-BB6B-B43531D9C5A0}.Release|Any CPU.ActiveCfg = Release|Any CPU
		{2D461465-3A53-4187-BB6B-B43531D9C5A0}.Release|Any CPU.Build.0 = Release|Any CPU
	EndGlobalSection
EndGlobal
